
Microsoft Visual Studio Solution File, Format Version 12.00
# Visual Studio 15
Project("{FAE04EC0-301F-11D3-BF4B-00C04F79EFBC}") = "Assembly-CSharp", "Assembly-CSharp.csproj", "{F098A1E1-309F-A3E2-E544-8C2002DA3FE9}"
EndProject
Project("{FAE04EC0-301F-11D3-BF4B-00C04F79EFBC}") = "Assembly-CSharp-Editor", "Assembly-CSharp-Editor.csproj", "{ADB2BDD0-9E59-4DA8-415B-22F111E49F9C}"
EndProject
Global
	GlobalSection(SolutionConfigurationPlatforms) = preSolution
		Debug|Any CPU = Debug|Any CPU
		Release|Any CPU = Release|Any CPU
	EndGlobalSection
	GlobalSection(ProjectConfigurationPlatforms) = postSolution
		{F098A1E1-309F-A3E2-E544-8C2002DA3FE9}.Debug|Any CPU.ActiveCfg = Debug|Any CPU
		{F098A1E1-309F-A3E2-E544-8C2002DA3FE9}.Debug|Any CPU.Build.0 = Debug|Any CPU
		{F098A1E1-309F-A3E2-E544-8C2002DA3FE9}.Release|Any CPU.ActiveCfg = Release|Any CPU
		{F098A1E1-309F-A3E2-E544-8C2002DA3FE9}.Release|Any CPU.Build.0 = Release|Any CPU
		{ADB2BDD0-9E59-4DA8-415B-22F111E49F9C}.Debug|Any CPU.ActiveCfg = Debug|Any CPU
		{ADB2BDD0-9E59-4DA8-415B-22F111E49F9C}.Debug|Any CPU.Build.0 = Debug|Any CPU
		{ADB2BDD0-9E59-4DA8-415B-22F111E49F9C}.Release|Any CPU.ActiveCfg = Release|Any CPU
		{ADB2BDD0-9E59-4DA8-415B-22F111E49F9C}.Release|Any CPU.Build.0 = Release|Any CPU
	EndGlobalSection
	GlobalSection(SolutionProperties) = preSolution
		HideSolutionNode = FALSE
	EndGlobalSection
EndGlobal
